
Microsoft Visual Studio Solution File, Format Version 12.00
# Visual Studio Version 17
VisualStudioVersion = 17.1.32210.238
MinimumVisualStudioVersion = 10.0.40219.1
Project("{54A90642-561A-4BB1-A94E-469ADEE60C69}") = "ImRichICanProveIt.Web", "ImRichICanProveIt.Web\ImRichICanProveIt.Web.esproj", "{E4BD8606-1545-4CCF-98D5-C447A87991FA}"
EndProject
Project("{FAE04EC0-301F-11D3-BF4B-00C04F79EFBC}") = "ImRichICanProveIt", "ImRichICanProveIt\ImRichICanProveIt.csproj", "{631354D8-3D02-4464-AB84-04A70A2EEF34}"
EndProject
Global
	GlobalSection(SolutionConfigurationPlatforms) = preSolution
		Debug|Any CPU = Debug|Any CPU
		Release|Any CPU = Release|Any CPU
	EndGlobalSection
	GlobalSection(ProjectConfigurationPlatforms) = postSolution
		{E4BD8606-1545-4CCF-98D5-C447A87991FA}.Debug|Any CPU.ActiveCfg = Debug|Any CPU
		{E4BD8606-1545-4CCF-98D5-C447A87991FA}.Debug|Any CPU.Build.0 = Debug|Any CPU
		{E4BD8606-1545-4CCF-98D5-C447A87991FA}.Debug|Any CPU.Deploy.0 = Debug|Any CPU
		{E4BD8606-1545-4CCF-98D5-C447A87991FA}.Release|Any CPU.ActiveCfg = Release|Any CPU
		{E4BD8606-1545-4CCF-98D5-C447A87991FA}.Release|Any CPU.Build.0 = Release|Any CPU
		{E4BD8606-1545-4CCF-98D5-C447A87991FA}.Release|Any CPU.Deploy.0 = Release|Any CPU
		{631354D8-3D02-4464-AB84-04A70A2EEF34}.Debug|Any CPU.ActiveCfg = Debug|Any CPU
		{631354D8-3D02-4464-AB84-04A70A2EEF34}.Debug|Any CPU.Build.0 = Debug|Any CPU
		{631354D8-3D02-4464-AB84-04A70A2EEF34}.Release|Any CPU.ActiveCfg = Release|Any CPU
		{631354D8-3D02-4464-AB84-04A70A2EEF34}.Release|Any CPU.Build.0 = Release|Any CPU
	EndGlobalSection
	GlobalSection(SolutionProperties) = preSolution
		HideSolutionNode = FALSE
	EndGlobalSection
	GlobalSection(ExtensibilityGlobals) = postSolution
		SolutionGuid = {82597023-4F36-48F3-A176-E0B56628278B}
	EndGlobalSection
EndGlobal
